// !$*UTF8*$!
{
	archiveVersion = 1;
	classes = {
	};
	objectVersion = 51;
	objects = {

/* Begin PBXBuildFile section */
		01F15C6225620E010030723B /* UserProfileView.swift in Sources */ = {isa = PBXBuildFile; fileRef = 01F15C6125620E010030723B /* UserProfileView.swift */; };
		01F30B6A255B4C6800145ED6 /* User.swift in Sources */ = {isa = PBXBuildFile; fileRef = 01F30B69255B4C6800145ED6 /* User.swift */; };
		01F30B6E255B4D8C00145ED6 /* CurrentSessionViewModel.swift in Sources */ = {isa = PBXBuildFile; fileRef = 01F30B6D255B4D8C00145ED6 /* CurrentSessionViewModel.swift */; };
		01F30B73255B635800145ED6 /* GoogleService-Info.plist in Resources */ = {isa = PBXBuildFile; fileRef = 01F30B72255B635700145ED6 /* GoogleService-Info.plist */; };
		17D34B115BB1B5B22F2F6949 /* Pods_Shat_App.framework in Frameworks */ = {isa = PBXBuildFile; fileRef = A4E7DABD392062AC888C3CCE /* Pods_Shat_App.framework */; };
		94774FAA2551FD920060532D /* SignInView.swift in Sources */ = {isa = PBXBuildFile; fileRef = 94774FA92551FD920060532D /* SignInView.swift */; };
		94D7F3802537EAF200783181 /* AppDelegate.swift in Sources */ = {isa = PBXBuildFile; fileRef = 94D7F37F2537EAF200783181 /* AppDelegate.swift */; };
		94D7F3822537EAF200783181 /* SceneDelegate.swift in Sources */ = {isa = PBXBuildFile; fileRef = 94D7F3812537EAF200783181 /* SceneDelegate.swift */; };
		94D7F3842537EAF200783181 /* ContentView.swift in Sources */ = {isa = PBXBuildFile; fileRef = 94D7F3832537EAF200783181 /* ContentView.swift */; };
		94D7F3872537EAF200783181 /* Shat_App.xcdatamodeld in Sources */ = {isa = PBXBuildFile; fileRef = 94D7F3852537EAF200783181 /* Shat_App.xcdatamodeld */; };
		94D7F3892537EAF200783181 /* Assets.xcassets in Resources */ = {isa = PBXBuildFile; fileRef = 94D7F3882537EAF200783181 /* Assets.xcassets */; };
		94D7F38C2537EAF200783181 /* Preview Assets.xcassets in Resources */ = {isa = PBXBuildFile; fileRef = 94D7F38B2537EAF200783181 /* Preview Assets.xcassets */; };
		94D7F38F2537EAF200783181 /* LaunchScreen.storyboard in Resources */ = {isa = PBXBuildFile; fileRef = 94D7F38D2537EAF200783181 /* LaunchScreen.storyboard */; };
		94DE9F032554B088002B5E3A /* SignUpView.swift in Sources */ = {isa = PBXBuildFile; fileRef = 94DE9F022554B088002B5E3A /* SignUpView.swift */; };
		94DE9F062554B3DE002B5E3A /* ChatRoomView.swift in Sources */ = {isa = PBXBuildFile; fileRef = 94DE9F052554B3DE002B5E3A /* ChatRoomView.swift */; };
		94DE9F092554ED76002B5E3A /* MainMenuView.swift in Sources */ = {isa = PBXBuildFile; fileRef = 94DE9F082554ED76002B5E3A /* MainMenuView.swift */; };
		E92B69122568912A000F0E22 /* ChatViewModel.swift in Sources */ = {isa = PBXBuildFile; fileRef = E92B69112568912A000F0E22 /* ChatViewModel.swift */; };
		E92B695F256A3D1D000F0E22 /* Message.swift in Sources */ = {isa = PBXBuildFile; fileRef = E92B695E256A3D1D000F0E22 /* Message.swift */; };
		E92B6962256A3D2A000F0E22 /* Chat.swift in Sources */ = {isa = PBXBuildFile; fileRef = E92B6961256A3D2A000F0E22 /* Chat.swift */; };
		E9799F78256DA11D007A6B92 /* LoginController.swift in Sources */ = {isa = PBXBuildFile; fileRef = E9799F77256DA11D007A6B92 /* LoginController.swift */; };
		E9799F81256DA183007A6B92 /* Extentions.swift in Sources */ = {isa = PBXBuildFile; fileRef = E9799F80256DA183007A6B92 /* Extentions.swift */; };
		E9799F84256DA219007A6B92 /* LoginViewModel.swift in Sources */ = {isa = PBXBuildFile; fileRef = E9799F83256DA219007A6B92 /* LoginViewModel.swift */; };
		E9799F87256DA326007A6B92 /* RegisController.swift in Sources */ = {isa = PBXBuildFile; fileRef = E9799F86256DA326007A6B92 /* RegisController.swift */; };
		E9799F8D256DA45F007A6B92 /* ContainerView.swift in Sources */ = {isa = PBXBuildFile; fileRef = E9799F8C256DA45F007A6B92 /* ContainerView.swift */; };
		E9799F90256DA55B007A6B92 /* CustomTextField.swift in Sources */ = {isa = PBXBuildFile; fileRef = E9799F8F256DA55B007A6B92 /* CustomTextField.swift */; };
		E9C4FDAA256E2F3D00F6F985 /* RegisViewModel.swift in Sources */ = {isa = PBXBuildFile; fileRef = E9C4FDA9256E2F3D00F6F985 /* RegisViewModel.swift */; };
/* End PBXBuildFile section */

/* Begin PBXFileReference section */
		01F15C6125620E010030723B /* UserProfileView.swift */ = {isa = PBXFileReference; lastKnownFileType = sourcecode.swift; path = UserProfileView.swift; sourceTree = "<group>"; };
		01F30B69255B4C6800145ED6 /* User.swift */ = {isa = PBXFileReference; lastKnownFileType = sourcecode.swift; path = User.swift; sourceTree = "<group>"; };
		01F30B6D255B4D8C00145ED6 /* CurrentSessionViewModel.swift */ = {isa = PBXFileReference; lastKnownFileType = sourcecode.swift; path = CurrentSessionViewModel.swift; sourceTree = "<group>"; };
		01F30B72255B635700145ED6 /* GoogleService-Info.plist */ = {isa = PBXFileReference; fileEncoding = 4; lastKnownFileType = text.plist.xml; name = "GoogleService-Info.plist"; path = "../GoogleService-Info.plist"; sourceTree = "<group>"; };
		7971487AFAF80529A38173F8 /* Pods-Shat-App.release.xcconfig */ = {isa = PBXFileReference; includeInIndex = 1; lastKnownFileType = text.xcconfig; name = "Pods-Shat-App.release.xcconfig"; path = "Target Support Files/Pods-Shat-App/Pods-Shat-App.release.xcconfig"; sourceTree = "<group>"; };
		94774FA92551FD920060532D /* SignInView.swift */ = {isa = PBXFileReference; lastKnownFileType = sourcecode.swift; path = SignInView.swift; sourceTree = "<group>"; };
		94D7F37C2537EAF200783181 /* Shat-App.app */ = {isa = PBXFileReference; explicitFileType = wrapper.application; includeInIndex = 0; path = "Shat-App.app"; sourceTree = BUILT_PRODUCTS_DIR; };
		94D7F37F2537EAF200783181 /* AppDelegate.swift */ = {isa = PBXFileReference; lastKnownFileType = sourcecode.swift; path = AppDelegate.swift; sourceTree = "<group>"; };
		94D7F3812537EAF200783181 /* SceneDelegate.swift */ = {isa = PBXFileReference; lastKnownFileType = sourcecode.swift; path = SceneDelegate.swift; sourceTree = "<group>"; };
		94D7F3832537EAF200783181 /* ContentView.swift */ = {isa = PBXFileReference; lastKnownFileType = sourcecode.swift; path = ContentView.swift; sourceTree = "<group>"; wrapsLines = 0; };
		94D7F3862537EAF200783181 /* Shat_App.xcdatamodel */ = {isa = PBXFileReference; lastKnownFileType = wrapper.xcdatamodel; path = Shat_App.xcdatamodel; sourceTree = "<group>"; };
		94D7F3882537EAF200783181 /* Assets.xcassets */ = {isa = PBXFileReference; lastKnownFileType = folder.assetcatalog; path = Assets.xcassets; sourceTree = "<group>"; };
		94D7F38B2537EAF200783181 /* Preview Assets.xcassets */ = {isa = PBXFileReference; lastKnownFileType = folder.assetcatalog; path = "Preview Assets.xcassets"; sourceTree = "<group>"; };
		94D7F38E2537EAF200783181 /* Base */ = {isa = PBXFileReference; lastKnownFileType = file.storyboard; name = Base; path = Base.lproj/LaunchScreen.storyboard; sourceTree = "<group>"; };
		94D7F3902537EAF200783181 /* Info.plist */ = {isa = PBXFileReference; lastKnownFileType = text.plist.xml; path = Info.plist; sourceTree = "<group>"; };
		94DE9F022554B088002B5E3A /* SignUpView.swift */ = {isa = PBXFileReference; lastKnownFileType = sourcecode.swift; path = SignUpView.swift; sourceTree = "<group>"; };
		94DE9F052554B3DE002B5E3A /* ChatRoomView.swift */ = {isa = PBXFileReference; lastKnownFileType = sourcecode.swift; path = ChatRoomView.swift; sourceTree = "<group>"; };
		94DE9F082554ED76002B5E3A /* MainMenuView.swift */ = {isa = PBXFileReference; lastKnownFileType = sourcecode.swift; path = MainMenuView.swift; sourceTree = "<group>"; };
		A4E7DABD392062AC888C3CCE /* Pods_Shat_App.framework */ = {isa = PBXFileReference; explicitFileType = wrapper.framework; includeInIndex = 0; path = Pods_Shat_App.framework; sourceTree = BUILT_PRODUCTS_DIR; };
		BBD1C212421ACD7D3FB4BFF4 /* Pods-Shat-App.debug.xcconfig */ = {isa = PBXFileReference; includeInIndex = 1; lastKnownFileType = text.xcconfig; name = "Pods-Shat-App.debug.xcconfig"; path = "Target Support Files/Pods-Shat-App/Pods-Shat-App.debug.xcconfig"; sourceTree = "<group>"; };
		E92B69112568912A000F0E22 /* ChatViewModel.swift */ = {isa = PBXFileReference; lastKnownFileType = sourcecode.swift; path = ChatViewModel.swift; sourceTree = "<group>"; };
		E92B695E256A3D1D000F0E22 /* Message.swift */ = {isa = PBXFileReference; lastKnownFileType = sourcecode.swift; path = Message.swift; sourceTree = "<group>"; };
		E92B6961256A3D2A000F0E22 /* Chat.swift */ = {isa = PBXFileReference; lastKnownFileType = sourcecode.swift; path = Chat.swift; sourceTree = "<group>"; };
		E9799F77256DA11D007A6B92 /* LoginController.swift */ = {isa = PBXFileReference; lastKnownFileType = sourcecode.swift; path = LoginController.swift; sourceTree = "<group>"; };
		E9799F80256DA183007A6B92 /* Extentions.swift */ = {isa = PBXFileReference; lastKnownFileType = sourcecode.swift; path = Extentions.swift; sourceTree = "<group>"; };
		E9799F83256DA219007A6B92 /* LoginViewModel.swift */ = {isa = PBXFileReference; lastKnownFileType = sourcecode.swift; path = LoginViewModel.swift; sourceTree = "<group>"; };
		E9799F86256DA326007A6B92 /* RegisController.swift */ = {isa = PBXFileReference; lastKnownFileType = sourcecode.swift; path = RegisController.swift; sourceTree = "<group>"; };
		E9799F8C256DA45F007A6B92 /* ContainerView.swift */ = {isa = PBXFileReference; lastKnownFileType = sourcecode.swift; path = ContainerView.swift; sourceTree = "<group>"; };
		E9799F8F256DA55B007A6B92 /* CustomTextField.swift */ = {isa = PBXFileReference; lastKnownFileType = sourcecode.swift; path = CustomTextField.swift; sourceTree = "<group>"; };
		E9C4FDA9256E2F3D00F6F985 /* RegisViewModel.swift */ = {isa = PBXFileReference; lastKnownFileType = sourcecode.swift; path = RegisViewModel.swift; sourceTree = "<group>"; };
/* End PBXFileReference section */

/* Begin PBXFrameworksBuildPhase section */
		94D7F3792537EAF200783181 /* Frameworks */ = {
			isa = PBXFrameworksBuildPhase;
			buildActionMask = 2147483647;
			files = (
				17D34B115BB1B5B22F2F6949 /* Pods_Shat_App.framework in Frameworks */,
			);
			runOnlyForDeploymentPostprocessing = 0;
		};
/* End PBXFrameworksBuildPhase section */

/* Begin PBXGroup section */
		01F30B67255B4AA800145ED6 /* models */ = {
			isa = PBXGroup;
			children = (
				01F30B69255B4C6800145ED6 /* User.swift */,
				E92B6961256A3D2A000F0E22 /* Chat.swift */,
				E92B695E256A3D1D000F0E22 /* Message.swift */,
			);
			path = models;
			sourceTree = "<group>";
		};
		01F30B68255B4AB200145ED6 /* viewmodels */ = {
			isa = PBXGroup;
			children = (
				01F30B6D255B4D8C00145ED6 /* CurrentSessionViewModel.swift */,
				E92B69112568912A000F0E22 /* ChatViewModel.swift */,
				E9799F83256DA219007A6B92 /* LoginViewModel.swift */,
				E9C4FDA9256E2F3D00F6F985 /* RegisViewModel.swift */,
			);
			path = viewmodels;
			sourceTree = "<group>";
		};
		56D3A9A4E368D42C8D21DAE4 /* Frameworks */ = {
			isa = PBXGroup;
			children = (
				A4E7DABD392062AC888C3CCE /* Pods_Shat_App.framework */,
			);
			name = Frameworks;
			sourceTree = "<group>";
		};
		94774FA82551FD6F0060532D /* views */ = {
			isa = PBXGroup;
			children = (
				94D7F3832537EAF200783181 /* ContentView.swift */,
				94774FA92551FD920060532D /* SignInView.swift */,
				94DE9F022554B088002B5E3A /* SignUpView.swift */,
				94DE9F052554B3DE002B5E3A /* ChatRoomView.swift */,
				94DE9F082554ED76002B5E3A /* MainMenuView.swift */,
				01F15C6125620E010030723B /* UserProfileView.swift */,
				E9799F8F256DA55B007A6B92 /* CustomTextField.swift */,
				E9799F8C256DA45F007A6B92 /* ContainerView.swift */,
			);
			path = views;
			sourceTree = "<group>";
		};
		94D7F3732537EAF200783181 = {
			isa = PBXGroup;
			children = (
				94D7F37E2537EAF200783181 /* Shat-App */,
				94D7F37D2537EAF200783181 /* Products */,
				F3BDA5873F75D6E48CBD59A0 /* Pods */,
				56D3A9A4E368D42C8D21DAE4 /* Frameworks */,
			);
			sourceTree = "<group>";
		};
		94D7F37D2537EAF200783181 /* Products */ = {
			isa = PBXGroup;
			children = (
				94D7F37C2537EAF200783181 /* Shat-App.app */,
			);
			name = Products;
			sourceTree = "<group>";
		};
		94D7F37E2537EAF200783181 /* Shat-App */ = {
			isa = PBXGroup;
			children = (
				E9799F7A256DA150007A6B92 /* Helper */,
				E9799F71256DA0DA007A6B92 /*  Controller */,
				01F30B68255B4AB200145ED6 /* viewmodels */,
				01F30B67255B4AA800145ED6 /* models */,
				94774FA82551FD6F0060532D /* views */,
				94D7F37F2537EAF200783181 /* AppDelegate.swift */,
				94D7F3812537EAF200783181 /* SceneDelegate.swift */,
				94D7F3882537EAF200783181 /* Assets.xcassets */,
				94D7F38D2537EAF200783181 /* LaunchScreen.storyboard */,
				01F30B72255B635700145ED6 /* GoogleService-Info.plist */,
				94D7F3902537EAF200783181 /* Info.plist */,
				94D7F3852537EAF200783181 /* Shat_App.xcdatamodeld */,
				94D7F38A2537EAF200783181 /* Preview Content */,
			);
			path = "Shat-App";
			sourceTree = "<group>";
		};
		94D7F38A2537EAF200783181 /* Preview Content */ = {
			isa = PBXGroup;
			children = (
				94D7F38B2537EAF200783181 /* Preview Assets.xcassets */,
			);
			path = "Preview Content";
			sourceTree = "<group>";
		};
		E9799F71256DA0DA007A6B92 /*  Controller */ = {
			isa = PBXGroup;
			children = (
				E9799F77256DA11D007A6B92 /* LoginController.swift */,
				E9799F86256DA326007A6B92 /* RegisController.swift */,
			);
			path = " Controller";
			sourceTree = "<group>";
		};
		E9799F7A256DA150007A6B92 /* Helper */ = {
			isa = PBXGroup;
			children = (
				E9799F80256DA183007A6B92 /* Extentions.swift */,
			);
			path = Helper;
			sourceTree = "<group>";
		};
		F3BDA5873F75D6E48CBD59A0 /* Pods */ = {
			isa = PBXGroup;
			children = (
				BBD1C212421ACD7D3FB4BFF4 /* Pods-Shat-App.debug.xcconfig */,
				7971487AFAF80529A38173F8 /* Pods-Shat-App.release.xcconfig */,
			);
			path = Pods;
			sourceTree = "<group>";
		};
/* End PBXGroup section */

/* Begin PBXNativeTarget section */
		94D7F37B2537EAF200783181 /* Shat-App */ = {
			isa = PBXNativeTarget;
			buildConfigurationList = 94D7F3932537EAF200783181 /* Build configuration list for PBXNativeTarget "Shat-App" */;
			buildPhases = (
				6FBA7CE576656412F72F8FB5 /* [CP] Check Pods Manifest.lock */,
				94D7F3782537EAF200783181 /* Sources */,
				94D7F3792537EAF200783181 /* Frameworks */,
				94D7F37A2537EAF200783181 /* Resources */,
				8C2067E647169BCCB2AED3CC /* [CP] Embed Pods Frameworks */,
			);
			buildRules = (
			);
			dependencies = (
			);
			name = "Shat-App";
			productName = "Shat-App";
			productReference = 94D7F37C2537EAF200783181 /* Shat-App.app */;
			productType = "com.apple.product-type.application";
		};
/* End PBXNativeTarget section */

/* Begin PBXProject section */
		94D7F3742537EAF200783181 /* Project object */ = {
			isa = PBXProject;
			attributes = {
				LastSwiftUpdateCheck = 1200;
				LastUpgradeCheck = 1200;
				TargetAttributes = {
					94D7F37B2537EAF200783181 = {
						CreatedOnToolsVersion = 12.0.1;
					};
				};
			};
			buildConfigurationList = 94D7F3772537EAF200783181 /* Build configuration list for PBXProject "Shat-App" */;
			compatibilityVersion = "Xcode 9.3";
			developmentRegion = en;
			hasScannedForEncodings = 0;
			knownRegions = (
				en,
				Base,
			);
			mainGroup = 94D7F3732537EAF200783181;
			productRefGroup = 94D7F37D2537EAF200783181 /* Products */;
			projectDirPath = "";
			projectRoot = "";
			targets = (
				94D7F37B2537EAF200783181 /* Shat-App */,
			);
		};
/* End PBXProject section */

/* Begin PBXResourcesBuildPhase section */
		94D7F37A2537EAF200783181 /* Resources */ = {
			isa = PBXResourcesBuildPhase;
			buildActionMask = 2147483647;
			files = (
				94D7F38F2537EAF200783181 /* LaunchScreen.storyboard in Resources */,
				01F30B73255B635800145ED6 /* GoogleService-Info.plist in Resources */,
				94D7F38C2537EAF200783181 /* Preview Assets.xcassets in Resources */,
				94D7F3892537EAF200783181 /* Assets.xcassets in Resources */,
			);
			runOnlyForDeploymentPostprocessing = 0;
		};
/* End PBXResourcesBuildPhase section */

/* Begin PBXShellScriptBuildPhase section */
		6FBA7CE576656412F72F8FB5 /* [CP] Check Pods Manifest.lock */ = {
			isa = PBXShellScriptBuildPhase;
			buildActionMask = 2147483647;
			files = (
			);
			inputFileListPaths = (
			);
			inputPaths = (
				"${PODS_PODFILE_DIR_PATH}/Podfile.lock",
				"${PODS_ROOT}/Manifest.lock",
			);
			name = "[CP] Check Pods Manifest.lock";
			outputFileListPaths = (
			);
			outputPaths = (
				"$(DERIVED_FILE_DIR)/Pods-Shat-App-checkManifestLockResult.txt",
			);
			runOnlyForDeploymentPostprocessing = 0;
			shellPath = /bin/sh;
			shellScript = "diff \"${PODS_PODFILE_DIR_PATH}/Podfile.lock\" \"${PODS_ROOT}/Manifest.lock\" > /dev/null\nif [ $? != 0 ] ; then\n    # print error to STDERR\n    echo \"error: The sandbox is not in sync with the Podfile.lock. Run 'pod install' or update your CocoaPods installation.\" >&2\n    exit 1\nfi\n# This output is used by Xcode 'outputs' to avoid re-running this script phase.\necho \"SUCCESS\" > \"${SCRIPT_OUTPUT_FILE_0}\"\n";
			showEnvVarsInLog = 0;
		};
		8C2067E647169BCCB2AED3CC /* [CP] Embed Pods Frameworks */ = {
			isa = PBXShellScriptBuildPhase;
			buildActionMask = 2147483647;
			files = (
			);
			inputFileListPaths = (
				"${PODS_ROOT}/Target Support Files/Pods-Shat-App/Pods-Shat-App-frameworks-${CONFIGURATION}-input-files.xcfilelist",
			);
			name = "[CP] Embed Pods Frameworks";
			outputFileListPaths = (
				"${PODS_ROOT}/Target Support Files/Pods-Shat-App/Pods-Shat-App-frameworks-${CONFIGURATION}-output-files.xcfilelist",
			);
			runOnlyForDeploymentPostprocessing = 0;
			shellPath = /bin/sh;
			shellScript = "\"${PODS_ROOT}/Target Support Files/Pods-Shat-App/Pods-Shat-App-frameworks.sh\"\n";
			showEnvVarsInLog = 0;
		};
/* End PBXShellScriptBuildPhase section */

/* Begin PBXSourcesBuildPhase section */
		94D7F3782537EAF200783181 /* Sources */ = {
			isa = PBXSourcesBuildPhase;
			buildActionMask = 2147483647;
			files = (
				E9799F8D256DA45F007A6B92 /* ContainerView.swift in Sources */,
				01F30B6E255B4D8C00145ED6 /* CurrentSessionViewModel.swift in Sources */,
				94D7F3802537EAF200783181 /* AppDelegate.swift in Sources */,
				94D7F3872537EAF200783181 /* Shat_App.xcdatamodeld in Sources */,
				94DE9F092554ED76002B5E3A /* MainMenuView.swift in Sources */,
				E9799F78256DA11D007A6B92 /* LoginController.swift in Sources */,
				94D7F3822537EAF200783181 /* SceneDelegate.swift in Sources */,
				E9799F87256DA326007A6B92 /* RegisController.swift in Sources */,
				E9C4FDAA256E2F3D00F6F985 /* RegisViewModel.swift in Sources */,
				94D7F3842537EAF200783181 /* ContentView.swift in Sources */,
				01F30B6A255B4C6800145ED6 /* User.swift in Sources */,
				01F15C6225620E010030723B /* UserProfileView.swift in Sources */,
				94DE9F062554B3DE002B5E3A /* ChatRoomView.swift in Sources */,
				E9799F84256DA219007A6B92 /* LoginViewModel.swift in Sources */,
				94DE9F032554B088002B5E3A /* SignUpView.swift in Sources */,
				E9799F90256DA55B007A6B92 /* CustomTextField.swift in Sources */,
				E92B69122568912A000F0E22 /* ChatViewModel.swift in Sources */,
				E9799F81256DA183007A6B92 /* Extentions.swift in Sources */,
				94774FAA2551FD920060532D /* SignInView.swift in Sources */,
				E92B6962256A3D2A000F0E22 /* Chat.swift in Sources */,
				E92B695F256A3D1D000F0E22 /* Message.swift in Sources */,
			);
			runOnlyForDeploymentPostprocessing = 0;
		};
/* End PBXSourcesBuildPhase section */

/* Begin PBXVariantGroup section */
		94D7F38D2537EAF200783181 /* LaunchScreen.storyboard */ = {
			isa = PBXVariantGroup;
			children = (
				94D7F38E2537EAF200783181 /* Base */,
			);
			name = LaunchScreen.storyboard;
			sourceTree = "<group>";
		};
/* End PBXVariantGroup section */

/* Begin XCBuildConfiguration section */
		94D7F3912537EAF200783181 /* Debug */ = {
			isa = XCBuildConfiguration;
			buildSettings = {
				ALWAYS_SEARCH_USER_PATHS = NO;
				CLANG_ANALYZER_NONNULL = YES;
				CLANG_ANALYZER_NUMBER_OBJECT_CONVERSION = YES_AGGRESSIVE;
				CLANG_CXX_LANGUAGE_STANDARD = "gnu++14";
				CLANG_CXX_LIBRARY = "libc++";
				CLANG_ENABLE_MODULES = YES;
				CLANG_ENABLE_OBJC_ARC = YES;
				CLANG_ENABLE_OBJC_WEAK = YES;
				CLANG_WARN_BLOCK_CAPTURE_AUTORELEASING = YES;
				CLANG_WARN_BOOL_CONVERSION = YES;
				CLANG_WARN_COMMA = YES;
				CLANG_WARN_CONSTANT_CONVERSION = YES;
				CLANG_WARN_DEPRECATED_OBJC_IMPLEMENTATIONS = YES;
				CLANG_WARN_DIRECT_OBJC_ISA_USAGE = YES_ERROR;
				CLANG_WARN_DOCUMENTATION_COMMENTS = YES;
				CLANG_WARN_EMPTY_BODY = YES;
				CLANG_WARN_ENUM_CONVERSION = YES;
				CLANG_WARN_INFINITE_RECURSION = YES;
				CLANG_WARN_INT_CONVERSION = YES;
				CLANG_WARN_NON_LITERAL_NULL_CONVERSION = YES;
				CLANG_WARN_OBJC_IMPLICIT_RETAIN_SELF = YES;
				CLANG_WARN_OBJC_LITERAL_CONVERSION = YES;
				CLANG_WARN_OBJC_ROOT_CLASS = YES_ERROR;
				CLANG_WARN_QUOTED_INCLUDE_IN_FRAMEWORK_HEADER = YES;
				CLANG_WARN_RANGE_LOOP_ANALYSIS = YES;
				CLANG_WARN_STRICT_PROTOTYPES = YES;
				CLANG_WARN_SUSPICIOUS_MOVE = YES;
				CLANG_WARN_UNGUARDED_AVAILABILITY = YES_AGGRESSIVE;
				CLANG_WARN_UNREACHABLE_CODE = YES;
				CLANG_WARN__DUPLICATE_METHOD_MATCH = YES;
				COPY_PHASE_STRIP = NO;
				DEBUG_INFORMATION_FORMAT = dwarf;
				ENABLE_STRICT_OBJC_MSGSEND = YES;
				ENABLE_TESTABILITY = YES;
				GCC_C_LANGUAGE_STANDARD = gnu11;
				GCC_DYNAMIC_NO_PIC = NO;
				GCC_NO_COMMON_BLOCKS = YES;
				GCC_OPTIMIZATION_LEVEL = 0;
				GCC_PREPROCESSOR_DEFINITIONS = (
					"DEBUG=1",
					"$(inherited)",
				);
				GCC_WARN_64_TO_32_BIT_CONVERSION = YES;
				GCC_WARN_ABOUT_RETURN_TYPE = YES_ERROR;
				GCC_WARN_UNDECLARED_SELECTOR = YES;
				GCC_WARN_UNINITIALIZED_AUTOS = YES_AGGRESSIVE;
				GCC_WARN_UNUSED_FUNCTION = YES;
				GCC_WARN_UNUSED_VARIABLE = YES;
				IPHONEOS_DEPLOYMENT_TARGET = 14.0;
				MTL_ENABLE_DEBUG_INFO = INCLUDE_SOURCE;
				MTL_FAST_MATH = YES;
				ONLY_ACTIVE_ARCH = YES;
				SDKROOT = iphoneos;
				SWIFT_ACTIVE_COMPILATION_CONDITIONS = DEBUG;
				SWIFT_OPTIMIZATION_LEVEL = "-Onone";
			};
			name = Debug;
		};
		94D7F3922537EAF200783181 /* Release */ = {
			isa = XCBuildConfiguration;
			buildSettings = {
				ALWAYS_SEARCH_USER_PATHS = NO;
				CLANG_ANALYZER_NONNULL = YES;
				CLANG_ANALYZER_NUMBER_OBJECT_CONVERSION = YES_AGGRESSIVE;
				CLANG_CXX_LANGUAGE_STANDARD = "gnu++14";
				CLANG_CXX_LIBRARY = "libc++";
				CLANG_ENABLE_MODULES = YES;
				CLANG_ENABLE_OBJC_ARC = YES;
				CLANG_ENABLE_OBJC_WEAK = YES;
				CLANG_WARN_BLOCK_CAPTURE_AUTORELEASING = YES;
				CLANG_WARN_BOOL_CONVERSION = YES;
				CLANG_WARN_COMMA = YES;
				CLANG_WARN_CONSTANT_CONVERSION = YES;
				CLANG_WARN_DEPRECATED_OBJC_IMPLEMENTATIONS = YES;
				CLANG_WARN_DIRECT_OBJC_ISA_USAGE = YES_ERROR;
				CLANG_WARN_DOCUMENTATION_COMMENTS = YES;
				CLANG_WARN_EMPTY_BODY = YES;
				CLANG_WARN_ENUM_CONVERSION = YES;
				CLANG_WARN_INFINITE_RECURSION = YES;
				CLANG_WARN_INT_CONVERSION = YES;
				CLANG_WARN_NON_LITERAL_NULL_CONVERSION = YES;
				CLANG_WARN_OBJC_IMPLICIT_RETAIN_SELF = YES;
				CLANG_WARN_OBJC_LITERAL_CONVERSION = YES;
				CLANG_WARN_OBJC_ROOT_CLASS = YES_ERROR;
				CLANG_WARN_QUOTED_INCLUDE_IN_FRAMEWORK_HEADER = YES;
				CLANG_WARN_RANGE_LOOP_ANALYSIS = YES;
				CLANG_WARN_STRICT_PROTOTYPES = YES;
				CLANG_WARN_SUSPICIOUS_MOVE = YES;
				CLANG_WARN_UNGUARDED_AVAILABILITY = YES_AGGRESSIVE;
				CLANG_WARN_UNREACHABLE_CODE = YES;
				CLANG_WARN__DUPLICATE_METHOD_MATCH = YES;
				COPY_PHASE_STRIP = NO;
				DEBUG_INFORMATION_FORMAT = "dwarf-with-dsym";
				ENABLE_NS_ASSERTIONS = NO;
				ENABLE_STRICT_OBJC_MSGSEND = YES;
				GCC_C_LANGUAGE_STANDARD = gnu11;
				GCC_NO_COMMON_BLOCKS = YES;
				GCC_WARN_64_TO_32_BIT_CONVERSION = YES;
				GCC_WARN_ABOUT_RETURN_TYPE = YES_ERROR;
				GCC_WARN_UNDECLARED_SELECTOR = YES;
				GCC_WARN_UNINITIALIZED_AUTOS = YES_AGGRESSIVE;
				GCC_WARN_UNUSED_FUNCTION = YES;
				GCC_WARN_UNUSED_VARIABLE = YES;
				IPHONEOS_DEPLOYMENT_TARGET = 14.0;
				MTL_ENABLE_DEBUG_INFO = NO;
				MTL_FAST_MATH = YES;
				SDKROOT = iphoneos;
				SWIFT_COMPILATION_MODE = wholemodule;
				SWIFT_OPTIMIZATION_LEVEL = "-O";
				VALIDATE_PRODUCT = YES;
			};
			name = Release;
		};
		94D7F3942537EAF200783181 /* Debug */ = {
			isa = XCBuildConfiguration;
			baseConfigurationReference = BBD1C212421ACD7D3FB4BFF4 /* Pods-Shat-App.debug.xcconfig */;
			buildSettings = {
				ASSETCATALOG_COMPILER_APPICON_NAME = AppIcon;
				ASSETCATALOG_COMPILER_GLOBAL_ACCENT_COLOR_NAME = AccentColor;
				CODE_SIGN_STYLE = Automatic;
				DEVELOPMENT_ASSET_PATHS = "\"Shat-App/Preview Content\"";
				DEVELOPMENT_TEAM = 747N5L4BFD;
				ENABLE_PREVIEWS = YES;
				INFOPLIST_FILE = "Shat-App/Info.plist";
				LD_RUNPATH_SEARCH_PATHS = (
					"$(inherited)",
					"@executable_path/Frameworks",
				);
				PRODUCT_BUNDLE_IDENTIFIER = "com.caric.Shat-App";
				PRODUCT_NAME = "$(TARGET_NAME)";
				SWIFT_VERSION = 5.0;
				TARGETED_DEVICE_FAMILY = "1,2";
			};
			name = Debug;
		};
		94D7F3952537EAF200783181 /* Release */ = {
			isa = XCBuildConfiguration;
			baseConfigurationReference = 7971487AFAF80529A38173F8 /* Pods-Shat-App.release.xcconfig */;
			buildSettings = {
				ASSETCATALOG_COMPILER_APPICON_NAME = AppIcon;
				ASSETCATALOG_COMPILER_GLOBAL_ACCENT_COLOR_NAME = AccentColor;
				CODE_SIGN_STYLE = Automatic;
				DEVELOPMENT_ASSET_PATHS = "\"Shat-App/Preview Content\"";
				DEVELOPMENT_TEAM = 747N5L4BFD;
				ENABLE_PREVIEWS = YES;
				INFOPLIST_FILE = "Shat-App/Info.plist";
				LD_RUNPATH_SEARCH_PATHS = (
					"$(inherited)",
					"@executable_path/Frameworks",
				);
				PRODUCT_BUNDLE_IDENTIFIER = "com.caric.Shat-App";
				PRODUCT_NAME = "$(TARGET_NAME)";
				SWIFT_VERSION = 5.0;
				TARGETED_DEVICE_FAMILY = "1,2";
			};
			name = Release;
		};
/* End XCBuildConfiguration section */

/* Begin XCConfigurationList section */
		94D7F3772537EAF200783181 /* Build configuration list for PBXProject "Shat-App" */ = {
			isa = XCConfigurationList;
			buildConfigurations = (
				94D7F3912537EAF200783181 /* Debug */,
				94D7F3922537EAF200783181 /* Release */,
			);
			defaultConfigurationIsVisible = 0;
			defaultConfigurationName = Release;
		};
		94D7F3932537EAF200783181 /* Build configuration list for PBXNativeTarget "Shat-App" */ = {
			isa = XCConfigurationList;
			buildConfigurations = (
				94D7F3942537EAF200783181 /* Debug */,
				94D7F3952537EAF200783181 /* Release */,
			);
			defaultConfigurationIsVisible = 0;
			defaultConfigurationName = Release;
		};
/* End XCConfigurationList section */

/* Begin XCVersionGroup section */
		94D7F3852537EAF200783181 /* Shat_App.xcdatamodeld */ = {
			isa = XCVersionGroup;
			children = (
				94D7F3862537EAF200783181 /* Shat_App.xcdatamodel */,
			);
			currentVersion = 94D7F3862537EAF200783181 /* Shat_App.xcdatamodel */;
			path = Shat_App.xcdatamodeld;
			sourceTree = "<group>";
			versionGroupType = wrapper.xcdatamodel;
		};
/* End XCVersionGroup section */
	};
	rootObject = 94D7F3742537EAF200783181 /* Project object */;
}
