// !$*UTF8*$!
{
	archiveVersion = 1;
	classes = {
	};
	objectVersion = 50;
	objects = {

/* Begin PBXBuildFile section */
		94774FAA2551FD920060532D /* SignInView.swift in Sources */ = {isa = PBXBuildFile; fileRef = 94774FA92551FD920060532D /* SignInView.swift */; };
		94D7F3802537EAF200783181 /* AppDelegate.swift in Sources */ = {isa = PBXBuildFile; fileRef = 94D7F37F2537EAF200783181 /* AppDelegate.swift */; };
		94D7F3822537EAF200783181 /* SceneDelegate.swift in Sources */ = {isa = PBXBuildFile; fileRef = 94D7F3812537EAF200783181 /* SceneDelegate.swift */; };
		94D7F3842537EAF200783181 /* ContentView.swift in Sources */ = {isa = PBXBuildFile; fileRef = 94D7F3832537EAF200783181 /* ContentView.swift */; };
		94D7F3872537EAF200783181 /* Shat_App.xcdatamodeld in Sources */ = {isa = PBXBuildFile; fileRef = 94D7F3852537EAF200783181 /* Shat_App.xcdatamodeld */; };
		94D7F3892537EAF200783181 /* Assets.xcassets in Resources */ = {isa = PBXBuildFile; fileRef = 94D7F3882537EAF200783181 /* Assets.xcassets */; };
		94D7F38C2537EAF200783181 /* Preview Assets.xcassets in Resources */ = {isa = PBXBuildFile; fileRef = 94D7F38B2537EAF200783181 /* Preview Assets.xcassets */; };
		94D7F38F2537EAF200783181 /* LaunchScreen.storyboard in Resources */ = {isa = PBXBuildFile; fileRef = 94D7F38D2537EAF200783181 /* LaunchScreen.storyboard */; };
		94DE9F032554B088002B5E3A /* SignUpView.swift in Sources */ = {isa = PBXBuildFile; fileRef = 94DE9F022554B088002B5E3A /* SignUpView.swift */; };
		94DE9F062554B3DE002B5E3A /* ChatRoomView.swift in Sources */ = {isa = PBXBuildFile; fileRef = 94DE9F052554B3DE002B5E3A /* ChatRoomView.swift */; };
		94DE9F092554ED76002B5E3A /* MainMenuView.swift in Sources */ = {isa = PBXBuildFile; fileRef = 94DE9F082554ED76002B5E3A /* MainMenuView.swift */; };
/* End PBXBuildFile section */

/* Begin PBXFileReference section */
		94774FA92551FD920060532D /* SignInView.swift */ = {isa = PBXFileReference; lastKnownFileType = sourcecode.swift; path = SignInView.swift; sourceTree = "<group>"; };
		94D7F37C2537EAF200783181 /* Shat-App.app */ = {isa = PBXFileReference; explicitFileType = wrapper.application; includeInIndex = 0; path = "Shat-App.app"; sourceTree = BUILT_PRODUCTS_DIR; };
		94D7F37F2537EAF200783181 /* AppDelegate.swift */ = {isa = PBXFileReference; lastKnownFileType = sourcecode.swift; path = AppDelegate.swift; sourceTree = "<group>"; };
		94D7F3812537EAF200783181 /* SceneDelegate.swift */ = {isa = PBXFileReference; lastKnownFileType = sourcecode.swift; path = SceneDelegate.swift; sourceTree = "<group>"; };
		94D7F3832537EAF200783181 /* ContentView.swift */ = {isa = PBXFileReference; lastKnownFileType = sourcecode.swift; path = ContentView.swift; sourceTree = "<group>"; };
		94D7F3862537EAF200783181 /* Shat_App.xcdatamodel */ = {isa = PBXFileReference; lastKnownFileType = wrapper.xcdatamodel; path = Shat_App.xcdatamodel; sourceTree = "<group>"; };
		94D7F3882537EAF200783181 /* Assets.xcassets */ = {isa = PBXFileReference; lastKnownFileType = folder.assetcatalog; path = Assets.xcassets; sourceTree = "<group>"; };
		94D7F38B2537EAF200783181 /* Preview Assets.xcassets */ = {isa = PBXFileReference; lastKnownFileType = folder.assetcatalog; path = "Preview Assets.xcassets"; sourceTree = "<group>"; };
		94D7F38E2537EAF200783181 /* Base */ = {isa = PBXFileReference; lastKnownFileType = file.storyboard; name = Base; path = Base.lproj/LaunchScreen.storyboard; sourceTree = "<group>"; };
		94D7F3902537EAF200783181 /* Info.plist */ = {isa = PBXFileReference; lastKnownFileType = text.plist.xml; path = Info.plist; sourceTree = "<group>"; };
		94DE9F022554B088002B5E3A /* SignUpView.swift */ = {isa = PBXFileReference; lastKnownFileType = sourcecode.swift; path = SignUpView.swift; sourceTree = "<group>"; };
		94DE9F052554B3DE002B5E3A /* ChatRoomView.swift */ = {isa = PBXFileReference; lastKnownFileType = sourcecode.swift; path = ChatRoomView.swift; sourceTree = "<group>"; };
		94DE9F082554ED76002B5E3A /* MainMenuView.swift */ = {isa = PBXFileReference; lastKnownFileType = sourcecode.swift; path = MainMenuView.swift; sourceTree = "<group>"; };
/* End PBXFileReference section */

/* Begin PBXFrameworksBuildPhase section */
		94D7F3792537EAF200783181 /* Frameworks */ = {
			isa = PBXFrameworksBuildPhase;
			buildActionMask = 2147483647;
			files = (
			);
			runOnlyForDeploymentPostprocessing = 0;
		};
/* End PBXFrameworksBuildPhase section */

/* Begin PBXGroup section */
		94774FA82551FD6F0060532D /* views */ = {
			isa = PBXGroup;
			children = (
				94D7F3832537EAF200783181 /* ContentView.swift */,
				94774FA92551FD920060532D /* SignInView.swift */,
				94DE9F022554B088002B5E3A /* SignUpView.swift */,
				94DE9F052554B3DE002B5E3A /* ChatRoomView.swift */,
				94DE9F082554ED76002B5E3A /* MainMenuView.swift */,
			);
			path = views;
			sourceTree = "<group>";
		};
		94D7F3732537EAF200783181 = {
			isa = PBXGroup;
			children = (
				94D7F37E2537EAF200783181 /* Shat-App */,
				94D7F37D2537EAF200783181 /* Products */,
			);
			sourceTree = "<group>";
		};
		94D7F37D2537EAF200783181 /* Products */ = {
			isa = PBXGroup;
			children = (
				94D7F37C2537EAF200783181 /* Shat-App.app */,
			);
			name = Products;
			sourceTree = "<group>";
		};
		94D7F37E2537EAF200783181 /* Shat-App */ = {
			isa = PBXGroup;
			children = (
				94774FA82551FD6F0060532D /* views */,
				94D7F37F2537EAF200783181 /* AppDelegate.swift */,
				94D7F3812537EAF200783181 /* SceneDelegate.swift */,
				94D7F3882537EAF200783181 /* Assets.xcassets */,
				94D7F38D2537EAF200783181 /* LaunchScreen.storyboard */,
				94D7F3902537EAF200783181 /* Info.plist */,
				94D7F3852537EAF200783181 /* Shat_App.xcdatamodeld */,
				94D7F38A2537EAF200783181 /* Preview Content */,
			);
			path = "Shat-App";
			sourceTree = "<group>";
		};
		94D7F38A2537EAF200783181 /* Preview Content */ = {
			isa = PBXGroup;
			children = (
				94D7F38B2537EAF200783181 /* Preview Assets.xcassets */,
			);
			path = "Preview Content";
			sourceTree = "<group>";
		};
/* End PBXGroup section */

/* Begin PBXNativeTarget section */
		94D7F37B2537EAF200783181 /* Shat-App */ = {
			isa = PBXNativeTarget;
			buildConfigurationList = 94D7F3932537EAF200783181 /* Build configuration list for PBXNativeTarget "Shat-App" */;
			buildPhases = (
				94D7F3782537EAF200783181 /* Sources */,
				94D7F3792537EAF200783181 /* Frameworks */,
				94D7F37A2537EAF200783181 /* Resources */,
			);
			buildRules = (
			);
			dependencies = (
			);
			name = "Shat-App";
			productName = "Shat-App";
			productReference = 94D7F37C2537EAF200783181 /* Shat-App.app */;
			productType = "com.apple.product-type.application";
		};
/* End PBXNativeTarget section */

/* Begin PBXProject section */
		94D7F3742537EAF200783181 /* Project object */ = {
			isa = PBXProject;
			attributes = {
				LastSwiftUpdateCheck = 1200;
				LastUpgradeCheck = 1200;
				TargetAttributes = {
					94D7F37B2537EAF200783181 = {
						CreatedOnToolsVersion = 12.0.1;
					};
				};
			};
			buildConfigurationList = 94D7F3772537EAF200783181 /* Build configuration list for PBXProject "Shat-App" */;
			compatibilityVersion = "Xcode 9.3";
			developmentRegion = en;
			hasScannedForEncodings = 0;
			knownRegions = (
				en,
				Base,
			);
			mainGroup = 94D7F3732537EAF200783181;
			productRefGroup = 94D7F37D2537EAF200783181 /* Products */;
			projectDirPath = "";
			projectRoot = "";
			targets = (
				94D7F37B2537EAF200783181 /* Shat-App */,
			);
		};
/* End PBXProject section */

/* Begin PBXResourcesBuildPhase section */
		94D7F37A2537EAF200783181 /* Resources */ = {
			isa = PBXResourcesBuildPhase;
			buildActionMask = 2147483647;
			files = (
				94D7F38F2537EAF200783181 /* LaunchScreen.storyboard in Resources */,
				94D7F38C2537EAF200783181 /* Preview Assets.xcassets in Resources */,
				94D7F3892537EAF200783181 /* Assets.xcassets in Resources */,
			);
			runOnlyForDeploymentPostprocessing = 0;
		};
/* End PBXResourcesBuildPhase section */

/* Begin PBXSourcesBuildPhase section */
		94D7F3782537EAF200783181 /* Sources */ = {
			isa = PBXSourcesBuildPhase;
			buildActionMask = 2147483647;
			files = (
				94D7F3802537EAF200783181 /* AppDelegate.swift in Sources */,
				94D7F3872537EAF200783181 /* Shat_App.xcdatamodeld in Sources */,
				94DE9F092554ED76002B5E3A /* MainMenuView.swift in Sources */,
				94D7F3822537EAF200783181 /* SceneDelegate.swift in Sources */,
				94D7F3842537EAF200783181 /* ContentView.swift in Sources */,
				94DE9F062554B3DE002B5E3A /* ChatRoomView.swift in Sources */,
				94DE9F032554B088002B5E3A /* SignUpView.swift in Sources */,
				94774FAA2551FD920060532D /* SignInView.swift in Sources */,
			);
			runOnlyForDeploymentPostprocessing = 0;
		};
/* End PBXSourcesBuildPhase section */

/* Begin PBXVariantGroup section */
		94D7F38D2537EAF200783181 /* LaunchScreen.storyboard */ = {
			isa = PBXVariantGroup;
			children = (
				94D7F38E2537EAF200783181 /* Base */,
			);
			name = LaunchScreen.storyboard;
			sourceTree = "<group>";
		};
/* End PBXVariantGroup section */

/* Begin XCBuildConfiguration section */
		94D7F3912537EAF200783181 /* Debug */ = {
			isa = XCBuildConfiguration;
			buildSettings = {
				ALWAYS_SEARCH_USER_PATHS = NO;
				CLANG_ANALYZER_NONNULL = YES;
				CLANG_ANALYZER_NUMBER_OBJECT_CONVERSION = YES_AGGRESSIVE;
				CLANG_CXX_LANGUAGE_STANDARD = "gnu++14";
				CLANG_CXX_LIBRARY = "libc++";
				CLANG_ENABLE_MODULES = YES;
				CLANG_ENABLE_OBJC_ARC = YES;
				CLANG_ENABLE_OBJC_WEAK = YES;
				CLANG_WARN_BLOCK_CAPTURE_AUTORELEASING = YES;
				CLANG_WARN_BOOL_CONVERSION = YES;
				CLANG_WARN_COMMA = YES;
				CLANG_WARN_CONSTANT_CONVERSION = YES;
				CLANG_WARN_DEPRECATED_OBJC_IMPLEMENTATIONS = YES;
				CLANG_WARN_DIRECT_OBJC_ISA_USAGE = YES_ERROR;
				CLANG_WARN_DOCUMENTATION_COMMENTS = YES;
				CLANG_WARN_EMPTY_BODY = YES;
				CLANG_WARN_ENUM_CONVERSION = YES;
				CLANG_WARN_INFINITE_RECURSION = YES;
				CLANG_WARN_INT_CONVERSION = YES;
				CLANG_WARN_NON_LITERAL_NULL_CONVERSION = YES;
				CLANG_WARN_OBJC_IMPLICIT_RETAIN_SELF = YES;
				CLANG_WARN_OBJC_LITERAL_CONVERSION = YES;
				CLANG_WARN_OBJC_ROOT_CLASS = YES_ERROR;
				CLANG_WARN_QUOTED_INCLUDE_IN_FRAMEWORK_HEADER = YES;
				CLANG_WARN_RANGE_LOOP_ANALYSIS = YES;
				CLANG_WARN_STRICT_PROTOTYPES = YES;
				CLANG_WARN_SUSPICIOUS_MOVE = YES;
				CLANG_WARN_UNGUARDED_AVAILABILITY = YES_AGGRESSIVE;
				CLANG_WARN_UNREACHABLE_CODE = YES;
				CLANG_WARN__DUPLICATE_METHOD_MATCH = YES;
				COPY_PHASE_STRIP = NO;
				DEBUG_INFORMATION_FORMAT = dwarf;
				ENABLE_STRICT_OBJC_MSGSEND = YES;
				ENABLE_TESTABILITY = YES;
				GCC_C_LANGUAGE_STANDARD = gnu11;
				GCC_DYNAMIC_NO_PIC = NO;
				GCC_NO_COMMON_BLOCKS = YES;
				GCC_OPTIMIZATION_LEVEL = 0;
				GCC_PREPROCESSOR_DEFINITIONS = (
					"DEBUG=1",
					"$(inherited)",
				);
				GCC_WARN_64_TO_32_BIT_CONVERSION = YES;
				GCC_WARN_ABOUT_RETURN_TYPE = YES_ERROR;
				GCC_WARN_UNDECLARED_SELECTOR = YES;
				GCC_WARN_UNINITIALIZED_AUTOS = YES_AGGRESSIVE;
				GCC_WARN_UNUSED_FUNCTION = YES;
				GCC_WARN_UNUSED_VARIABLE = YES;
				IPHONEOS_DEPLOYMENT_TARGET = 14.0;
				MTL_ENABLE_DEBUG_INFO = INCLUDE_SOURCE;
				MTL_FAST_MATH = YES;
				ONLY_ACTIVE_ARCH = YES;
				SDKROOT = iphoneos;
				SWIFT_ACTIVE_COMPILATION_CONDITIONS = DEBUG;
				SWIFT_OPTIMIZATION_LEVEL = "-Onone";
			};
			name = Debug;
		};
		94D7F3922537EAF200783181 /* Release */ = {
			isa = XCBuildConfiguration;
			buildSettings = {
				ALWAYS_SEARCH_USER_PATHS = NO;
				CLANG_ANALYZER_NONNULL = YES;
				CLANG_ANALYZER_NUMBER_OBJECT_CONVERSION = YES_AGGRESSIVE;
				CLANG_CXX_LANGUAGE_STANDARD = "gnu++14";
				CLANG_CXX_LIBRARY = "libc++";
				CLANG_ENABLE_MODULES = YES;
				CLANG_ENABLE_OBJC_ARC = YES;
				CLANG_ENABLE_OBJC_WEAK = YES;
				CLANG_WARN_BLOCK_CAPTURE_AUTORELEASING = YES;
				CLANG_WARN_BOOL_CONVERSION = YES;
				CLANG_WARN_COMMA = YES;
				CLANG_WARN_CONSTANT_CONVERSION = YES;
				CLANG_WARN_DEPRECATED_OBJC_IMPLEMENTATIONS = YES;
				CLANG_WARN_DIRECT_OBJC_ISA_USAGE = YES_ERROR;
				CLANG_WARN_DOCUMENTATION_COMMENTS = YES;
				CLANG_WARN_EMPTY_BODY = YES;
				CLANG_WARN_ENUM_CONVERSION = YES;
				CLANG_WARN_INFINITE_RECURSION = YES;
				CLANG_WARN_INT_CONVERSION = YES;
				CLANG_WARN_NON_LITERAL_NULL_CONVERSION = YES;
				CLANG_WARN_OBJC_IMPLICIT_RETAIN_SELF = YES;
				CLANG_WARN_OBJC_LITERAL_CONVERSION = YES;
				CLANG_WARN_OBJC_ROOT_CLASS = YES_ERROR;
				CLANG_WARN_QUOTED_INCLUDE_IN_FRAMEWORK_HEADER = YES;
				CLANG_WARN_RANGE_LOOP_ANALYSIS = YES;
				CLANG_WARN_STRICT_PROTOTYPES = YES;
				CLANG_WARN_SUSPICIOUS_MOVE = YES;
				CLANG_WARN_UNGUARDED_AVAILABILITY = YES_AGGRESSIVE;
				CLANG_WARN_UNREACHABLE_CODE = YES;
				CLANG_WARN__DUPLICATE_METHOD_MATCH = YES;
				COPY_PHASE_STRIP = NO;
				DEBUG_INFORMATION_FORMAT = "dwarf-with-dsym";
				ENABLE_NS_ASSERTIONS = NO;
				ENABLE_STRICT_OBJC_MSGSEND = YES;
				GCC_C_LANGUAGE_STANDARD = gnu11;
				GCC_NO_COMMON_BLOCKS = YES;
				GCC_WARN_64_TO_32_BIT_CONVERSION = YES;
				GCC_WARN_ABOUT_RETURN_TYPE = YES_ERROR;
				GCC_WARN_UNDECLARED_SELECTOR = YES;
				GCC_WARN_UNINITIALIZED_AUTOS = YES_AGGRESSIVE;
				GCC_WARN_UNUSED_FUNCTION = YES;
				GCC_WARN_UNUSED_VARIABLE = YES;
				IPHONEOS_DEPLOYMENT_TARGET = 14.0;
				MTL_ENABLE_DEBUG_INFO = NO;
				MTL_FAST_MATH = YES;
				SDKROOT = iphoneos;
				SWIFT_COMPILATION_MODE = wholemodule;
				SWIFT_OPTIMIZATION_LEVEL = "-O";
				VALIDATE_PRODUCT = YES;
			};
			name = Release;
		};
		94D7F3942537EAF200783181 /* Debug */ = {
			isa = XCBuildConfiguration;
			buildSettings = {
				ASSETCATALOG_COMPILER_APPICON_NAME = AppIcon;
				ASSETCATALOG_COMPILER_GLOBAL_ACCENT_COLOR_NAME = AccentColor;
				CODE_SIGN_STYLE = Automatic;
				DEVELOPMENT_ASSET_PATHS = "\"Shat-App/Preview Content\"";
				DEVELOPMENT_TEAM = 747N5L4BFD;
				ENABLE_PREVIEWS = YES;
				INFOPLIST_FILE = "Shat-App/Info.plist";
				LD_RUNPATH_SEARCH_PATHS = (
					"$(inherited)",
					"@executable_path/Frameworks",
				);
				PRODUCT_BUNDLE_IDENTIFIER = "com.caric.Shat-App";
				PRODUCT_NAME = "$(TARGET_NAME)";
				SWIFT_VERSION = 5.0;
				TARGETED_DEVICE_FAMILY = "1,2";
			};
			name = Debug;
		};
		94D7F3952537EAF200783181 /* Release */ = {
			isa = XCBuildConfiguration;
			buildSettings = {
				ASSETCATALOG_COMPILER_APPICON_NAME = AppIcon;
				ASSETCATALOG_COMPILER_GLOBAL_ACCENT_COLOR_NAME = AccentColor;
				CODE_SIGN_STYLE = Automatic;
				DEVELOPMENT_ASSET_PATHS = "\"Shat-App/Preview Content\"";
				DEVELOPMENT_TEAM = 747N5L4BFD;
				ENABLE_PREVIEWS = YES;
				INFOPLIST_FILE = "Shat-App/Info.plist";
				LD_RUNPATH_SEARCH_PATHS = (
					"$(inherited)",
					"@executable_path/Frameworks",
				);
				PRODUCT_BUNDLE_IDENTIFIER = "com.caric.Shat-App";
				PRODUCT_NAME = "$(TARGET_NAME)";
				SWIFT_VERSION = 5.0;
				TARGETED_DEVICE_FAMILY = "1,2";
			};
			name = Release;
		};
/* End XCBuildConfiguration section */

/* Begin XCConfigurationList section */
		94D7F3772537EAF200783181 /* Build configuration list for PBXProject "Shat-App" */ = {
			isa = XCConfigurationList;
			buildConfigurations = (
				94D7F3912537EAF200783181 /* Debug */,
				94D7F3922537EAF200783181 /* Release */,
			);
			defaultConfigurationIsVisible = 0;
			defaultConfigurationName = Release;
		};
		94D7F3932537EAF200783181 /* Build configuration list for PBXNativeTarget "Shat-App" */ = {
			isa = XCConfigurationList;
			buildConfigurations = (
				94D7F3942537EAF200783181 /* Debug */,
				94D7F3952537EAF200783181 /* Release */,
			);
			defaultConfigurationIsVisible = 0;
			defaultConfigurationName = Release;
		};
/* End XCConfigurationList section */

/* Begin XCVersionGroup section */
		94D7F3852537EAF200783181 /* Shat_App.xcdatamodeld */ = {
			isa = XCVersionGroup;
			children = (
				94D7F3862537EAF200783181 /* Shat_App.xcdatamodel */,
			);
			currentVersion = 94D7F3862537EAF200783181 /* Shat_App.xcdatamodel */;
			path = Shat_App.xcdatamodeld;
			sourceTree = "<group>";
			versionGroupType = wrapper.xcdatamodel;
		};
/* End XCVersionGroup section */
	};
	rootObject = 94D7F3742537EAF200783181 /* Project object */;
}
